
Microsoft Visual Studio Solution File, Format Version 12.00
# Visual Studio Version 16
VisualStudioVersion = 16.0.30330.147
MinimumVisualStudioVersion = 10.0.40219.1
Project("{FAE04EC0-301F-11D3-BF4B-00C04F79EFBC}") = "01_Intro", "01_Intro\01_Intro.csproj", "{E4C2BB9F-9690-4C9A-A292-826C6CA585BF}"
EndProject
Project("{FAE04EC0-301F-11D3-BF4B-00C04F79EFBC}") = "02_ConnectedMode", "02_ConnectedMode\02_ConnectedMode.csproj", "{AEB0F3EF-0CF3-47F9-87F4-5590A1806308}"
EndProject
Global
	GlobalSection(SolutionConfigurationPlatforms) = preSolution
		Debug|Any CPU = Debug|Any CPU
		Release|Any CPU = Release|Any CPU
	EndGlobalSection
	GlobalSection(ProjectConfigurationPlatforms) = postSolution
		{E4C2BB9F-9690-4C9A-A292-826C6CA585BF}.Debug|Any CPU.ActiveCfg = Debug|Any CPU
		{E4C2BB9F-9690-4C9A-A292-826C6CA585BF}.Debug|Any CPU.Build.0 = Debug|Any CPU
		{E4C2BB9F-9690-4C9A-A292-826C6CA585BF}.Release|Any CPU.ActiveCfg = Release|Any CPU
		{E4C2BB9F-9690-4C9A-A292-826C6CA585BF}.Release|Any CPU.Build.0 = Release|Any CPU
		{AEB0F3EF-0CF3-47F9-87F4-5590A1806308}.Debug|Any CPU.ActiveCfg = Debug|Any CPU
		{AEB0F3EF-0CF3-47F9-87F4-5590A1806308}.Debug|Any CPU.Build.0 = Debug|Any CPU
		{AEB0F3EF-0CF3-47F9-87F4-5590A1806308}.Release|Any CPU.ActiveCfg = Release|Any CPU
		{AEB0F3EF-0CF3-47F9-87F4-5590A1806308}.Release|Any CPU.Build.0 = Release|Any CPU
	EndGlobalSection
	GlobalSection(SolutionProperties) = preSolution
		HideSolutionNode = FALSE
	EndGlobalSection
	GlobalSection(ExtensibilityGlobals) = postSolution
		SolutionGuid = {6969C6E7-BC20-4479-85F8-E883F8FD706C}
	EndGlobalSection
EndGlobal
